
Microsoft Visual Studio Solution File, Format Version 12.00
# Visual Studio Version 17
VisualStudioVersion = 17.7.34221.43
MinimumVisualStudioVersion = 10.0.40219.1
Project("{FAE04EC0-301F-11D3-BF4B-00C04F79EFBC}") = "Day-5", "Day-5\Day-5.csproj", "{8B3A8282-E299-4536-A60B-32D064A9CF2C}"
EndProject
Global
	GlobalSection(SolutionConfigurationPlatforms) = preSolution
		Debug|Any CPU = Debug|Any CPU
		Release|Any CPU = Release|Any CPU
	EndGlobalSection
	GlobalSection(ProjectConfigurationPlatforms) = postSolution
		{8B3A8282-E299-4536-A60B-32D064A9CF2C}.Debug|Any CPU.ActiveCfg = Debug|Any CPU
		{8B3A8282-E299-4536-A60B-32D064A9CF2C}.Debug|Any CPU.Build.0 = Debug|Any CPU
		{8B3A8282-E299-4536-A60B-32D064A9CF2C}.Release|Any CPU.ActiveCfg = Release|Any CPU
		{8B3A8282-E299-4536-A60B-32D064A9CF2C}.Release|Any CPU.Build.0 = Release|Any CPU
	EndGlobalSection
	GlobalSection(SolutionProperties) = preSolution
		HideSolutionNode = FALSE
	EndGlobalSection
	GlobalSection(ExtensibilityGlobals) = postSolution
		SolutionGuid = {D1371D74-4A51-4205-A176-ADA7110CF2BB}
	EndGlobalSection
EndGlobal
